
Microsoft Visual Studio Solution File, Format Version 12.00
# Visual Studio Version 17
VisualStudioVersion = 17.2.32526.322
MinimumVisualStudioVersion = 10.0.40219.1
Project("{FAE04EC0-301F-11D3-BF4B-00C04F79EFBC}") = "NZWalk.API", "NZWalk.API\NZWalk.API.csproj", "{9FB701F1-170D-46DD-BD87-ACC3FF0C9EAE}"
EndProject
Global
	GlobalSection(SolutionConfigurationPlatforms) = preSolution
		Debug|Any CPU = Debug|Any CPU
		Release|Any CPU = Release|Any CPU
	EndGlobalSection
	GlobalSection(ProjectConfigurationPlatforms) = postSolution
		{9FB701F1-170D-46DD-BD87-ACC3FF0C9EAE}.Debug|Any CPU.ActiveCfg = Debug|Any CPU
		{9FB701F1-170D-46DD-BD87-ACC3FF0C9EAE}.Debug|Any CPU.Build.0 = Debug|Any CPU
		{9FB701F1-170D-46DD-BD87-ACC3FF0C9EAE}.Release|Any CPU.ActiveCfg = Release|Any CPU
		{9FB701F1-170D-46DD-BD87-ACC3FF0C9EAE}.Release|Any CPU.Build.0 = Release|Any CPU
	EndGlobalSection
	GlobalSection(SolutionProperties) = preSolution
		HideSolutionNode = FALSE
	EndGlobalSection
	GlobalSection(ExtensibilityGlobals) = postSolution
		SolutionGuid = {75F683CF-4208-4B18-947A-CF42ACDC60D4}
	EndGlobalSection
EndGlobal
